
Microsoft Visual Studio Solution File, Format Version 12.00
# Visual Studio 15
VisualStudioVersion = 15.0.26020.0
MinimumVisualStudioVersion = 10.0.40219.1
Project("{2150E333-8FDC-42A3-9474-1A3956D46DE8}") = "20 documents", "20 documents", "{EE2108D0-4678-4303-904E-FCE4E233C707}"
	ProjectSection(SolutionItems) = preProject
		CreateDatabase.sql = CreateDatabase.sql
		CreateTable.sql = CreateTable.sql
		Query.sql = Query.sql
	EndProjectSection
EndProject
Project("{2150E333-8FDC-42A3-9474-1A3956D46DE8}") = "01 user interface", "01 user interface", "{F0BAB9B1-7397-4835-B185-D506FE001EBF}"
EndProject
Project("{2150E333-8FDC-42A3-9474-1A3956D46DE8}") = "02 application", "02 application", "{327CEA5A-FDAE-4019-8AE6-F2F037A3318C}"
EndProject
Project("{2150E333-8FDC-42A3-9474-1A3956D46DE8}") = "03 core", "03 core", "{49DFB863-D8F6-4B6E-A6EE-FD68E4DDADE9}"
EndProject
Project("{2150E333-8FDC-42A3-9474-1A3956D46DE8}") = "04 infrastructure", "04 infrastructure", "{59E4E101-73A1-45C8-A94D-41429135A2FB}"
EndProject
Project("{2150E333-8FDC-42A3-9474-1A3956D46DE8}") = "10 common", "10 common", "{03B982FF-F690-4094-A3AD-90EBC6E2089D}"
EndProject
Project("{FAE04EC0-301F-11D3-BF4B-00C04F79EFBC}") = "cn.tdr.common", "cn.tdr.common\cn.tdr.common.csproj", "{4AE15A83-549E-4C60-9001-E4CBD278620A}"
EndProject
Project("{FAE04EC0-301F-11D3-BF4B-00C04F79EFBC}") = "cn.tdr.policeequipment.web", "cn.tdr.policeequipment.web\cn.tdr.policeequipment.web.csproj", "{B8188562-0863-4841-B4E6-90771E181EBE}"
EndProject
Project("{FAE04EC0-301F-11D3-BF4B-00C04F79EFBC}") = "cn.tdr.policeequipment.interfaces", "cn.tdr.policeequipment.interfaces\cn.tdr.policeequipment.interfaces.csproj", "{9B5976BE-E588-471C-BAE5-D9F7E299896B}"
EndProject
Project("{FAE04EC0-301F-11D3-BF4B-00C04F79EFBC}") = "cn.tdr.policeequipment.data.entity", "cn.tdr.policeequipment.data.entity\cn.tdr.policeequipment.data.entity.csproj", "{5ADBDA21-300D-42B2-92B9-716470B01334}"
EndProject
Project("{2150E333-8FDC-42A3-9474-1A3956D46DE8}") = "11 test", "11 test", "{B3091E53-CA59-45D6-9BC8-25657C4E14E3}"
EndProject
Project("{FAE04EC0-301F-11D3-BF4B-00C04F79EFBC}") = "cn.tdr.policeequipment.data.repository", "cn.tdr.policeequipment.data.repository\cn.tdr.policeequipment.data.repository.csproj", "{A70F4FFB-2907-4A2A-AC8D-178A4C13851D}"
EndProject
Project("{FAE04EC0-301F-11D3-BF4B-00C04F79EFBC}") = "cn.tdr.policeequipment.data.oracle", "cn.tdr.policeequipment.data.oracle\cn.tdr.policeequipment.data.oracle.csproj", "{AC8833C1-D7CF-418E-98DD-AC7DDEF62EAB}"
EndProject
Project("{FAE04EC0-301F-11D3-BF4B-00C04F79EFBC}") = "cn.tdr.policeequipment.handle", "cn.tdr.policeequipment.handle\cn.tdr.policeequipment.handle.csproj", "{14A3773A-A7AE-4A2D-A862-05FA150AE848}"
EndProject
Project("{FAE04EC0-301F-11D3-BF4B-00C04F79EFBC}") = "cn.tdr.policeequipment.module", "cn.tdr.policeequipment.module\cn.tdr.policeequipment.module.csproj", "{71706A8D-5D52-4A83-84BC-DE86EFF36D3A}"
EndProject
Project("{FAE04EC0-301F-11D3-BF4B-00C04F79EFBC}") = "cn.tdr.policeequipment.configuration", "cn.tdr.policeequipment.configuration\cn.tdr.policeequipment.configuration.csproj", "{A7C34E0A-3EF6-4D5A-AE0D-E728C524BDD8}"
EndProject
Project("{FAE04EC0-301F-11D3-BF4B-00C04F79EFBC}") = "cn.tdr.policeequipment.enumerates", "cn.tdr.policeequipment.enumerates\cn.tdr.policeequipment.enumerates.csproj", "{8F584FF1-7375-43A6-B07B-86AA73D1A1A4}"
EndProject
Global
	GlobalSection(SolutionConfigurationPlatforms) = preSolution
		Debug|Any CPU = Debug|Any CPU
		Release|Any CPU = Release|Any CPU
	EndGlobalSection
	GlobalSection(ProjectConfigurationPlatforms) = postSolution
		{4AE15A83-549E-4C60-9001-E4CBD278620A}.Debug|Any CPU.ActiveCfg = Debug|Any CPU
		{4AE15A83-549E-4C60-9001-E4CBD278620A}.Debug|Any CPU.Build.0 = Debug|Any CPU
		{4AE15A83-549E-4C60-9001-E4CBD278620A}.Release|Any CPU.ActiveCfg = Release|Any CPU
		{4AE15A83-549E-4C60-9001-E4CBD278620A}.Release|Any CPU.Build.0 = Release|Any CPU
		{B8188562-0863-4841-B4E6-90771E181EBE}.Debug|Any CPU.ActiveCfg = Debug|Any CPU
		{B8188562-0863-4841-B4E6-90771E181EBE}.Debug|Any CPU.Build.0 = Debug|Any CPU
		{B8188562-0863-4841-B4E6-90771E181EBE}.Release|Any CPU.ActiveCfg = Release|Any CPU
		{B8188562-0863-4841-B4E6-90771E181EBE}.Release|Any CPU.Build.0 = Release|Any CPU
		{9B5976BE-E588-471C-BAE5-D9F7E299896B}.Debug|Any CPU.ActiveCfg = Debug|Any CPU
		{9B5976BE-E588-471C-BAE5-D9F7E299896B}.Debug|Any CPU.Build.0 = Debug|Any CPU
		{9B5976BE-E588-471C-BAE5-D9F7E299896B}.Release|Any CPU.ActiveCfg = Release|Any CPU
		{9B5976BE-E588-471C-BAE5-D9F7E299896B}.Release|Any CPU.Build.0 = Release|Any CPU
		{5ADBDA21-300D-42B2-92B9-716470B01334}.Debug|Any CPU.ActiveCfg = Debug|Any CPU
		{5ADBDA21-300D-42B2-92B9-716470B01334}.Debug|Any CPU.Build.0 = Debug|Any CPU
		{5ADBDA21-300D-42B2-92B9-716470B01334}.Release|Any CPU.ActiveCfg = Release|Any CPU
		{5ADBDA21-300D-42B2-92B9-716470B01334}.Release|Any CPU.Build.0 = Release|Any CPU
		{A70F4FFB-2907-4A2A-AC8D-178A4C13851D}.Debug|Any CPU.ActiveCfg = Debug|Any CPU
		{A70F4FFB-2907-4A2A-AC8D-178A4C13851D}.Debug|Any CPU.Build.0 = Debug|Any CPU
		{A70F4FFB-2907-4A2A-AC8D-178A4C13851D}.Release|Any CPU.ActiveCfg = Release|Any CPU
		{A70F4FFB-2907-4A2A-AC8D-178A4C13851D}.Release|Any CPU.Build.0 = Release|Any CPU
		{AC8833C1-D7CF-418E-98DD-AC7DDEF62EAB}.Debug|Any CPU.ActiveCfg = Debug|Any CPU
		{AC8833C1-D7CF-418E-98DD-AC7DDEF62EAB}.Debug|Any CPU.Build.0 = Debug|Any CPU
		{AC8833C1-D7CF-418E-98DD-AC7DDEF62EAB}.Release|Any CPU.ActiveCfg = Release|Any CPU
		{AC8833C1-D7CF-418E-98DD-AC7DDEF62EAB}.Release|Any CPU.Build.0 = Release|Any CPU
		{14A3773A-A7AE-4A2D-A862-05FA150AE848}.Debug|Any CPU.ActiveCfg = Debug|Any CPU
		{14A3773A-A7AE-4A2D-A862-05FA150AE848}.Debug|Any CPU.Build.0 = Debug|Any CPU
		{14A3773A-A7AE-4A2D-A862-05FA150AE848}.Release|Any CPU.ActiveCfg = Release|Any CPU
		{14A3773A-A7AE-4A2D-A862-05FA150AE848}.Release|Any CPU.Build.0 = Release|Any CPU
		{71706A8D-5D52-4A83-84BC-DE86EFF36D3A}.Debug|Any CPU.ActiveCfg = Debug|Any CPU
		{71706A8D-5D52-4A83-84BC-DE86EFF36D3A}.Debug|Any CPU.Build.0 = Debug|Any CPU
		{71706A8D-5D52-4A83-84BC-DE86EFF36D3A}.Release|Any CPU.ActiveCfg = Release|Any CPU
		{71706A8D-5D52-4A83-84BC-DE86EFF36D3A}.Release|Any CPU.Build.0 = Release|Any CPU
		{A7C34E0A-3EF6-4D5A-AE0D-E728C524BDD8}.Debug|Any CPU.ActiveCfg = Debug|Any CPU
		{A7C34E0A-3EF6-4D5A-AE0D-E728C524BDD8}.Debug|Any CPU.Build.0 = Debug|Any CPU
		{A7C34E0A-3EF6-4D5A-AE0D-E728C524BDD8}.Release|Any CPU.ActiveCfg = Release|Any CPU
		{A7C34E0A-3EF6-4D5A-AE0D-E728C524BDD8}.Release|Any CPU.Build.0 = Release|Any CPU
		{8F584FF1-7375-43A6-B07B-86AA73D1A1A4}.Debug|Any CPU.ActiveCfg = Debug|Any CPU
		{8F584FF1-7375-43A6-B07B-86AA73D1A1A4}.Debug|Any CPU.Build.0 = Debug|Any CPU
		{8F584FF1-7375-43A6-B07B-86AA73D1A1A4}.Release|Any CPU.ActiveCfg = Release|Any CPU
		{8F584FF1-7375-43A6-B07B-86AA73D1A1A4}.Release|Any CPU.Build.0 = Release|Any CPU
	EndGlobalSection
	GlobalSection(SolutionProperties) = preSolution
		HideSolutionNode = FALSE
	EndGlobalSection
	GlobalSection(NestedProjects) = preSolution
		{4AE15A83-549E-4C60-9001-E4CBD278620A} = {03B982FF-F690-4094-A3AD-90EBC6E2089D}
		{B8188562-0863-4841-B4E6-90771E181EBE} = {F0BAB9B1-7397-4835-B185-D506FE001EBF}
		{9B5976BE-E588-471C-BAE5-D9F7E299896B} = {49DFB863-D8F6-4B6E-A6EE-FD68E4DDADE9}
		{5ADBDA21-300D-42B2-92B9-716470B01334} = {59E4E101-73A1-45C8-A94D-41429135A2FB}
		{A70F4FFB-2907-4A2A-AC8D-178A4C13851D} = {59E4E101-73A1-45C8-A94D-41429135A2FB}
		{AC8833C1-D7CF-418E-98DD-AC7DDEF62EAB} = {59E4E101-73A1-45C8-A94D-41429135A2FB}
		{14A3773A-A7AE-4A2D-A862-05FA150AE848} = {49DFB863-D8F6-4B6E-A6EE-FD68E4DDADE9}
		{71706A8D-5D52-4A83-84BC-DE86EFF36D3A} = {327CEA5A-FDAE-4019-8AE6-F2F037A3318C}
		{A7C34E0A-3EF6-4D5A-AE0D-E728C524BDD8} = {59E4E101-73A1-45C8-A94D-41429135A2FB}
		{8F584FF1-7375-43A6-B07B-86AA73D1A1A4} = {49DFB863-D8F6-4B6E-A6EE-FD68E4DDADE9}
	EndGlobalSection
EndGlobal
